{
    "version": 3,
    "terraform_version": "0.11.3",
    "serial": 1,
    "lineage": "f03fb0b9-be3b-4ef4-8c0c-16f77bd619c3",
    "modules": [
        {
            "path": [
                "root"
            ],
            "outputs": {
                "hostname": {
                    "sensitive": false,
                    "type": "string",
                    "value": "ubuntudevbox"
                },
                "ssh_command": {
                    "sensitive": false,
                    "type": "string",
                    "value": "ssh demo@myubuntudevbox.southcentralus.cloudapp.azure.com"
                },
                "vm_fqdn": {
                    "sensitive": false,
                    "type": "string",
                    "value": "myubuntudevbox.southcentralus.cloudapp.azure.com"
                }
            },
            "resources": {
                "azurerm_managed_disk.datadisk": {
                    "type": "azurerm_managed_disk",
                    "depends_on": [
                        "azurerm_resource_group.rg"
                    ],
                    "primary": {
                        "id": "/subscriptions/7ee50840-a30b-4b50-8d6a-b416aa9c0285/resourceGroups/ubuntudev/providers/Microsoft.Compute/disks/ubuntudevbox-datadisk",
                        "attributes": {
                            "create_option": "Empty",
                            "disk_size_gb": "1023",
                            "id": "/subscriptions/7ee50840-a30b-4b50-8d6a-b416aa9c0285/resourceGroups/ubuntudev/providers/Microsoft.Compute/disks/ubuntudevbox-datadisk",
                            "location": "southcentralus",
                            "name": "ubuntudevbox-datadisk",
                            "resource_group_name": "ubuntudev",
                            "storage_account_type": "Standard_LRS",
                            "tags.%": "0"
                        },
                        "meta": {},
                        "tainted": false
                    },
                    "deposed": [],
                    "provider": "provider.azurerm"
                },
                "azurerm_network_interface.nic": {
                    "type": "azurerm_network_interface",
                    "depends_on": [
                        "azurerm_public_ip.pip",
                        "azurerm_resource_group.rg",
                        "azurerm_subnet.subnet"
                    ],
                    "primary": {
                        "id": "/subscriptions/7ee50840-a30b-4b50-8d6a-b416aa9c0285/resourceGroups/ubuntudev/providers/Microsoft.Network/networkInterfaces/rgnic",
                        "attributes": {
                            "applied_dns_servers.#": "0",
                            "dns_servers.#": "0",
                            "enable_accelerated_networking": "false",
                            "enable_ip_forwarding": "false",
                            "id": "/subscriptions/7ee50840-a30b-4b50-8d6a-b416aa9c0285/resourceGroups/ubuntudev/providers/Microsoft.Network/networkInterfaces/rgnic",
                            "internal_dns_name_label": "",
                            "ip_configuration.#": "1",
                            "ip_configuration.0.load_balancer_backend_address_pools_ids.#": "0",
                            "ip_configuration.0.load_balancer_inbound_nat_rules_ids.#": "0",
                            "ip_configuration.0.name": "rgipconfig",
                            "ip_configuration.0.primary": "true",
                            "ip_configuration.0.private_ip_address": "",
                            "ip_configuration.0.private_ip_address_allocation": "dynamic",
                            "ip_configuration.0.public_ip_address_id": "/subscriptions/7ee50840-a30b-4b50-8d6a-b416aa9c0285/resourceGroups/ubuntudev/providers/Microsoft.Network/publicIPAddresses/rg-ip",
                            "ip_configuration.0.subnet_id": "/subscriptions/7ee50840-a30b-4b50-8d6a-b416aa9c0285/resourceGroups/ubuntudev/providers/Microsoft.Network/virtualNetworks/vnet/subnets/rgsubnet",
                            "location": "southcentralus",
                            "name": "rgnic",
                            "network_security_group_id": "",
                            "private_ip_address": "10.0.10.4",
                            "private_ip_addresses.#": "1",
                            "private_ip_addresses.0": "10.0.10.4",
                            "resource_group_name": "ubuntudev",
                            "tags.%": "1",
                            "tags.environment": "ubuntu dev"
                        },
                        "meta": {},
                        "tainted": false
                    },
                    "deposed": [],
                    "provider": "provider.azurerm"
                },
                "azurerm_network_security_group.temyterraformpublicipnsg": {
                    "type": "azurerm_network_security_group",
                    "depends_on": [
                        "azurerm_resource_group.rg"
                    ],
                    "primary": {
                        "id": "/subscriptions/7ee50840-a30b-4b50-8d6a-b416aa9c0285/resourceGroups/ubuntudev/providers/Microsoft.Network/networkSecurityGroups/myNetworkSecurityGroup",
                        "attributes": {
                            "id": "/subscriptions/7ee50840-a30b-4b50-8d6a-b416aa9c0285/resourceGroups/ubuntudev/providers/Microsoft.Network/networkSecurityGroups/myNetworkSecurityGroup",
                            "location": "eastus",
                            "name": "myNetworkSecurityGroup",
                            "resource_group_name": "ubuntudev",
                            "security_rule.#": "1",
                            "security_rule.0.access": "Allow",
                            "security_rule.0.description": "",
                            "security_rule.0.destination_address_prefix": "*",
                            "security_rule.0.destination_port_range": "22",
                            "security_rule.0.direction": "Inbound",
                            "security_rule.0.name": "SSH",
                            "security_rule.0.priority": "1001",
                            "security_rule.0.protocol": "Tcp",
                            "security_rule.0.source_address_prefix": "*",
                            "security_rule.0.source_port_range": "*",
                            "tags.%": "1",
                            "tags.environment": "ubuntu dev"
                        },
                        "meta": {},
                        "tainted": false
                    },
                    "deposed": [],
                    "provider": "provider.azurerm"
                },
                "azurerm_public_ip.pip": {
                    "type": "azurerm_public_ip",
                    "depends_on": [
                        "azurerm_resource_group.rg"
                    ],
                    "primary": {
                        "id": "/subscriptions/7ee50840-a30b-4b50-8d6a-b416aa9c0285/resourceGroups/ubuntudev/providers/Microsoft.Network/publicIPAddresses/rg-ip",
                        "attributes": {
                            "domain_name_label": "myubuntudevbox",
                            "fqdn": "myubuntudevbox.southcentralus.cloudapp.azure.com",
                            "id": "/subscriptions/7ee50840-a30b-4b50-8d6a-b416aa9c0285/resourceGroups/ubuntudev/providers/Microsoft.Network/publicIPAddresses/rg-ip",
                            "location": "southcentralus",
                            "name": "rg-ip",
                            "public_ip_address_allocation": "dynamic",
                            "resource_group_name": "ubuntudev",
                            "sku": "Basic",
                            "tags.%": "1",
                            "tags.environment": "ubuntu dev"
                        },
                        "meta": {},
                        "tainted": false
                    },
                    "deposed": [],
                    "provider": "provider.azurerm"
                },
                "azurerm_resource_group.rg": {
                    "type": "azurerm_resource_group",
                    "depends_on": [],
                    "primary": {
                        "id": "/subscriptions/7ee50840-a30b-4b50-8d6a-b416aa9c0285/resourceGroups/ubuntudev",
                        "attributes": {
                            "id": "/subscriptions/7ee50840-a30b-4b50-8d6a-b416aa9c0285/resourceGroups/ubuntudev",
                            "location": "southcentralus",
                            "name": "ubuntudev",
                            "tags.%": "1",
                            "tags.environment": "ubuntu dev"
                        },
                        "meta": {},
                        "tainted": false
                    },
                    "deposed": [],
                    "provider": "provider.azurerm"
                },
                "azurerm_storage_account.stor": {
                    "type": "azurerm_storage_account",
                    "depends_on": [
                        "azurerm_resource_group.rg"
                    ],
                    "primary": {
                        "id": "/subscriptions/7ee50840-a30b-4b50-8d6a-b416aa9c0285/resourceGroups/ubuntudev/providers/Microsoft.Storage/storageAccounts/myubuntudevboxstor",
                        "attributes": {
                            "access_tier": "",
                            "account_encryption_source": "Microsoft.Storage",
                            "account_kind": "Storage",
                            "account_replication_type": "LRS",
                            "account_tier": "Standard",
                            "account_type": "Standard_LRS",
                            "enable_blob_encryption": "true",
                            "enable_file_encryption": "true",
                            "enable_https_traffic_only": "false",
                            "id": "/subscriptions/7ee50840-a30b-4b50-8d6a-b416aa9c0285/resourceGroups/ubuntudev/providers/Microsoft.Storage/storageAccounts/myubuntudevboxstor",
                            "location": "southcentralus",
                            "name": "myubuntudevboxstor",
                            "primary_access_key": "xRkWRZKp6FKI/nqHDgpA1t++/5+/YU5yf9TE5DDWe2u6bRGj3MGtEcUee1TBFHawlwG1QW9iVaoiSe3EVup6cw==",
                            "primary_blob_connection_string": "DefaultEndpointsProtocol=https;BlobEndpoint=https://myubuntudevboxstor.blob.core.windows.net/;AccountName=myubuntudevboxstor;AccountKey=xRkWRZKp6FKI/nqHDgpA1t++/5+/YU5yf9TE5DDWe2u6bRGj3MGtEcUee1TBFHawlwG1QW9iVaoiSe3EVup6cw==",
                            "primary_blob_endpoint": "https://myubuntudevboxstor.blob.core.windows.net/",
                            "primary_connection_string": "DefaultEndpointsProtocol=https;AccountName=myubuntudevboxstor;AccountKey=xRkWRZKp6FKI/nqHDgpA1t++/5+/YU5yf9TE5DDWe2u6bRGj3MGtEcUee1TBFHawlwG1QW9iVaoiSe3EVup6cw==;EndpointSuffix=core.windows.net",
                            "primary_file_endpoint": "https://myubuntudevboxstor.file.core.windows.net/",
                            "primary_location": "southcentralus",
                            "primary_queue_endpoint": "https://myubuntudevboxstor.queue.core.windows.net/",
                            "primary_table_endpoint": "https://myubuntudevboxstor.table.core.windows.net/",
                            "resource_group_name": "ubuntudev",
                            "secondary_access_key": "uEwq+m6hYqFYX5aZRDyEtpypTvAPC04JX4LSN5H3yPTWDiy5QU2apJf80/NVQbPxt3H1vUthwIA1BOcQUH1oww==",
                            "secondary_connection_string": "DefaultEndpointsProtocol=https;AccountName=myubuntudevboxstor;AccountKey=uEwq+m6hYqFYX5aZRDyEtpypTvAPC04JX4LSN5H3yPTWDiy5QU2apJf80/NVQbPxt3H1vUthwIA1BOcQUH1oww==;EndpointSuffix=core.windows.net",
                            "secondary_location": "",
                            "tags.%": "1",
                            "tags.environment": "ubuntu dev"
                        },
                        "meta": {
                            "schema_version": "2"
                        },
                        "tainted": false
                    },
                    "deposed": [],
                    "provider": "provider.azurerm"
                },
                "azurerm_subnet.subnet": {
                    "type": "azurerm_subnet",
                    "depends_on": [
                        "azurerm_resource_group.rg",
                        "azurerm_virtual_network.vnet"
                    ],
                    "primary": {
                        "id": "/subscriptions/7ee50840-a30b-4b50-8d6a-b416aa9c0285/resourceGroups/ubuntudev/providers/Microsoft.Network/virtualNetworks/vnet/subnets/rgsubnet",
                        "attributes": {
                            "address_prefix": "10.0.10.0/24",
                            "id": "/subscriptions/7ee50840-a30b-4b50-8d6a-b416aa9c0285/resourceGroups/ubuntudev/providers/Microsoft.Network/virtualNetworks/vnet/subnets/rgsubnet",
                            "ip_configurations.#": "0",
                            "name": "rgsubnet",
                            "resource_group_name": "ubuntudev",
                            "service_endpoints.#": "0",
                            "virtual_network_name": "vnet"
                        },
                        "meta": {},
                        "tainted": false
                    },
                    "deposed": [],
                    "provider": "provider.azurerm"
                },
                "azurerm_virtual_machine.vm": {
                    "type": "azurerm_virtual_machine",
                    "depends_on": [
                        "azurerm_managed_disk.datadisk",
                        "azurerm_network_interface.nic",
                        "azurerm_resource_group.rg",
                        "azurerm_storage_account.stor"
                    ],
                    "primary": {
                        "id": "/subscriptions/7ee50840-a30b-4b50-8d6a-b416aa9c0285/resourceGroups/ubuntudev/providers/Microsoft.Compute/virtualMachines/rgvm",
                        "attributes": {
                            "boot_diagnostics.#": "1",
                            "boot_diagnostics.0.enabled": "true",
                            "boot_diagnostics.0.storage_uri": "https://myubuntudevboxstor.blob.core.windows.net/",
                            "delete_data_disks_on_termination": "false",
                            "delete_os_disk_on_termination": "false",
                            "id": "/subscriptions/7ee50840-a30b-4b50-8d6a-b416aa9c0285/resourceGroups/ubuntudev/providers/Microsoft.Compute/virtualMachines/rgvm",
                            "identity.#": "0",
                            "location": "southcentralus",
                            "name": "rgvm",
                            "network_interface_ids.#": "1",
                            "network_interface_ids.0": "/subscriptions/7ee50840-a30b-4b50-8d6a-b416aa9c0285/resourceGroups/ubuntudev/providers/Microsoft.Network/networkInterfaces/rgnic",
                            "os_profile.#": "1",
                            "os_profile.466169739.admin_password": "",
                            "os_profile.466169739.admin_username": "demo",
                            "os_profile.466169739.computer_name": "ubuntudevbox",
                            "os_profile.466169739.custom_data": "",
                            "os_profile_linux_config.#": "1",
                            "os_profile_linux_config.2972667452.disable_password_authentication": "false",
                            "os_profile_linux_config.2972667452.ssh_keys.#": "0",
                            "os_profile_secrets.#": "0",
                            "resource_group_name": "ubuntudev",
                            "storage_data_disk.#": "1",
                            "storage_data_disk.0.caching": "None",
                            "storage_data_disk.0.create_option": "Attach",
                            "storage_data_disk.0.disk_size_gb": "1023",
                            "storage_data_disk.0.lun": "0",
                            "storage_data_disk.0.managed_disk_id": "/subscriptions/7ee50840-a30b-4b50-8d6a-b416aa9c0285/resourceGroups/ubuntudev/providers/Microsoft.Compute/disks/ubuntudevbox-datadisk",
                            "storage_data_disk.0.managed_disk_type": "Standard_LRS",
                            "storage_data_disk.0.name": "ubuntudevbox-datadisk",
                            "storage_data_disk.0.vhd_uri": "",
                            "storage_image_reference.#": "1",
                            "storage_image_reference.1458860473.id": "",
                            "storage_image_reference.1458860473.offer": "UbuntuServer",
                            "storage_image_reference.1458860473.publisher": "Canonical",
                            "storage_image_reference.1458860473.sku": "16.04-LTS",
                            "storage_image_reference.1458860473.version": "latest",
                            "storage_os_disk.#": "1",
                            "storage_os_disk.0.caching": "ReadWrite",
                            "storage_os_disk.0.create_option": "FromImage",
                            "storage_os_disk.0.disk_size_gb": "30",
                            "storage_os_disk.0.image_uri": "",
                            "storage_os_disk.0.managed_disk_id": "/subscriptions/7ee50840-a30b-4b50-8d6a-b416aa9c0285/resourceGroups/ubuntudev/providers/Microsoft.Compute/disks/ubuntudevbox-osdisk",
                            "storage_os_disk.0.managed_disk_type": "Standard_LRS",
                            "storage_os_disk.0.name": "ubuntudevbox-osdisk",
                            "storage_os_disk.0.os_type": "Linux",
                            "storage_os_disk.0.vhd_uri": "",
                            "tags.%": "1",
                            "tags.environment": "ubuntu dev",
                            "vm_size": "Standard_A0"
                        },
                        "meta": {},
                        "tainted": false
                    },
                    "deposed": [],
                    "provider": "provider.azurerm"
                },
                "azurerm_virtual_network.vnet": {
                    "type": "azurerm_virtual_network",
                    "depends_on": [
                        "azurerm_resource_group.rg"
                    ],
                    "primary": {
                        "id": "/subscriptions/7ee50840-a30b-4b50-8d6a-b416aa9c0285/resourceGroups/ubuntudev/providers/Microsoft.Network/virtualNetworks/vnet",
                        "attributes": {
                            "address_space.#": "1",
                            "address_space.0": "10.0.0.0/16",
                            "dns_servers.#": "0",
                            "id": "/subscriptions/7ee50840-a30b-4b50-8d6a-b416aa9c0285/resourceGroups/ubuntudev/providers/Microsoft.Network/virtualNetworks/vnet",
                            "location": "southcentralus",
                            "name": "vnet",
                            "resource_group_name": "ubuntudev",
                            "subnet.#": "0",
                            "tags.%": "1",
                            "tags.environment": "ubuntu dev"
                        },
                        "meta": {},
                        "tainted": false
                    },
                    "deposed": [],
                    "provider": "provider.azurerm"
                }
            },
            "depends_on": []
        }
    ]
}
